// !$*UTF8*$!
{
	archiveVersion = 1;
	classes = {
	};
	objectVersion = 48;
	objects = {

/* Begin PBXBuildFile section */
		411F27A12074DC9800603A74 /* ViewControllerObjectiveC.m in Sources */ = {isa = PBXBuildFile; fileRef = 411F27A02074DC9800603A74 /* ViewControllerObjectiveC.m */; };
		4140A77C206CCAD400AF90FB /* AppDelegate.swift in Sources */ = {isa = PBXBuildFile; fileRef = 4140A77B206CCAD400AF90FB /* AppDelegate.swift */; };
		4140A77E206CCAD400AF90FB /* ViewController.swift in Sources */ = {isa = PBXBuildFile; fileRef = 4140A77D206CCAD400AF90FB /* ViewController.swift */; };
		4140A781206CCAD400AF90FB /* Main.storyboard in Resources */ = {isa = PBXBuildFile; fileRef = 4140A77F206CCAD400AF90FB /* Main.storyboard */; };
		4140A783206CCAD400AF90FB /* Assets.xcassets in Resources */ = {isa = PBXBuildFile; fileRef = 4140A782206CCAD400AF90FB /* Assets.xcassets */; };
		4140A786206CCAD400AF90FB /* LaunchScreen.storyboard in Resources */ = {isa = PBXBuildFile; fileRef = 4140A784206CCAD400AF90FB /* LaunchScreen.storyboard */; };
		4140A791206CCAD400AF90FB /* CompactDeviceInfoTests.swift in Sources */ = {isa = PBXBuildFile; fileRef = 4140A790206CCAD400AF90FB /* CompactDeviceInfoTests.swift */; };
		4140A79F206CCC6400AF90FB /* ARCompactDeviceInfo.swift in Sources */ = {isa = PBXBuildFile; fileRef = 4140A79E206CCC6400AF90FB /* ARCompactDeviceInfo.swift */; };
/* End PBXBuildFile section */

/* Begin PBXContainerItemProxy section */
		4140A78D206CCAD400AF90FB /* PBXContainerItemProxy */ = {
			isa = PBXContainerItemProxy;
			containerPortal = 4140A770206CCAD400AF90FB /* Project object */;
			proxyType = 1;
			remoteGlobalIDString = 4140A777206CCAD400AF90FB;
			remoteInfo = CompactDeviceInfo;
		};
/* End PBXContainerItemProxy section */

/* Begin PBXFileReference section */
		411F279E2074DC9800603A74 /* CompactDeviceInfo-Bridging-Header.h */ = {isa = PBXFileReference; lastKnownFileType = sourcecode.c.h; path = "CompactDeviceInfo-Bridging-Header.h"; sourceTree = "<group>"; };
		411F279F2074DC9800603A74 /* ViewControllerObjectiveC.h */ = {isa = PBXFileReference; lastKnownFileType = sourcecode.c.h; path = ViewControllerObjectiveC.h; sourceTree = "<group>"; };
		411F27A02074DC9800603A74 /* ViewControllerObjectiveC.m */ = {isa = PBXFileReference; lastKnownFileType = sourcecode.c.objc; path = ViewControllerObjectiveC.m; sourceTree = "<group>"; };
		411F27A22074E0F700603A74 /* CompactDeviceInfo-Swift.h */ = {isa = PBXFileReference; lastKnownFileType = sourcecode.c.h; path = "CompactDeviceInfo-Swift.h"; sourceTree = "<group>"; };
		4140A778206CCAD400AF90FB /* CompactDeviceInfo.app */ = {isa = PBXFileReference; explicitFileType = wrapper.application; includeInIndex = 0; path = CompactDeviceInfo.app; sourceTree = BUILT_PRODUCTS_DIR; };
		4140A77B206CCAD400AF90FB /* AppDelegate.swift */ = {isa = PBXFileReference; lastKnownFileType = sourcecode.swift; path = AppDelegate.swift; sourceTree = "<group>"; };
		4140A77D206CCAD400AF90FB /* ViewController.swift */ = {isa = PBXFileReference; lastKnownFileType = sourcecode.swift; path = ViewController.swift; sourceTree = "<group>"; };
		4140A780206CCAD400AF90FB /* Base */ = {isa = PBXFileReference; lastKnownFileType = file.storyboard; name = Base; path = Base.lproj/Main.storyboard; sourceTree = "<group>"; };
		4140A782206CCAD400AF90FB /* Assets.xcassets */ = {isa = PBXFileReference; lastKnownFileType = folder.assetcatalog; path = Assets.xcassets; sourceTree = "<group>"; };
		4140A785206CCAD400AF90FB /* Base */ = {isa = PBXFileReference; lastKnownFileType = file.storyboard; name = Base; path = Base.lproj/LaunchScreen.storyboard; sourceTree = "<group>"; };
		4140A787206CCAD400AF90FB /* Info.plist */ = {isa = PBXFileReference; lastKnownFileType = text.plist.xml; path = Info.plist; sourceTree = "<group>"; };
		4140A78C206CCAD400AF90FB /* CompactDeviceInfoTests.xctest */ = {isa = PBXFileReference; explicitFileType = wrapper.cfbundle; includeInIndex = 0; path = CompactDeviceInfoTests.xctest; sourceTree = BUILT_PRODUCTS_DIR; };
		4140A790206CCAD400AF90FB /* CompactDeviceInfoTests.swift */ = {isa = PBXFileReference; lastKnownFileType = sourcecode.swift; path = CompactDeviceInfoTests.swift; sourceTree = "<group>"; };
		4140A792206CCAD400AF90FB /* Info.plist */ = {isa = PBXFileReference; lastKnownFileType = text.plist.xml; path = Info.plist; sourceTree = "<group>"; };
		4140A79E206CCC6400AF90FB /* ARCompactDeviceInfo.swift */ = {isa = PBXFileReference; lastKnownFileType = sourcecode.swift; path = ARCompactDeviceInfo.swift; sourceTree = "<group>"; };
/* End PBXFileReference section */

/* Begin PBXFrameworksBuildPhase section */
		4140A775206CCAD400AF90FB /* Frameworks */ = {
			isa = PBXFrameworksBuildPhase;
			buildActionMask = 2147483647;
			files = (
			);
			runOnlyForDeploymentPostprocessing = 0;
		};
		4140A789206CCAD400AF90FB /* Frameworks */ = {
			isa = PBXFrameworksBuildPhase;
			buildActionMask = 2147483647;
			files = (
			);
			runOnlyForDeploymentPostprocessing = 0;
		};
/* End PBXFrameworksBuildPhase section */

/* Begin PBXGroup section */
		4140A76F206CCAD400AF90FB = {
			isa = PBXGroup;
			children = (
				411F27A22074E0F700603A74 /* CompactDeviceInfo-Swift.h */,
				411F279F2074DC9800603A74 /* ViewControllerObjectiveC.h */,
				411F27A02074DC9800603A74 /* ViewControllerObjectiveC.m */,
				4140A77A206CCAD400AF90FB /* CompactDeviceInfo */,
				4140A78F206CCAD400AF90FB /* CompactDeviceInfoTests */,
				4140A779206CCAD400AF90FB /* Products */,
				411F279E2074DC9800603A74 /* CompactDeviceInfo-Bridging-Header.h */,
			);
			sourceTree = "<group>";
		};
		4140A779206CCAD400AF90FB /* Products */ = {
			isa = PBXGroup;
			children = (
				4140A778206CCAD400AF90FB /* CompactDeviceInfo.app */,
				4140A78C206CCAD400AF90FB /* CompactDeviceInfoTests.xctest */,
			);
			name = Products;
			sourceTree = "<group>";
		};
		4140A77A206CCAD400AF90FB /* CompactDeviceInfo */ = {
			isa = PBXGroup;
			children = (
				4140A79D206CCC3200AF90FB /* DeviceInfo */,
				4140A77B206CCAD400AF90FB /* AppDelegate.swift */,
				4140A77D206CCAD400AF90FB /* ViewController.swift */,
				4140A77F206CCAD400AF90FB /* Main.storyboard */,
				4140A782206CCAD400AF90FB /* Assets.xcassets */,
				4140A784206CCAD400AF90FB /* LaunchScreen.storyboard */,
				4140A787206CCAD400AF90FB /* Info.plist */,
			);
			path = CompactDeviceInfo;
			sourceTree = "<group>";
		};
		4140A78F206CCAD400AF90FB /* CompactDeviceInfoTests */ = {
			isa = PBXGroup;
			children = (
				4140A790206CCAD400AF90FB /* CompactDeviceInfoTests.swift */,
				4140A792206CCAD400AF90FB /* Info.plist */,
			);
			path = CompactDeviceInfoTests;
			sourceTree = "<group>";
		};
		4140A79D206CCC3200AF90FB /* DeviceInfo */ = {
			isa = PBXGroup;
			children = (
				4140A79E206CCC6400AF90FB /* ARCompactDeviceInfo.swift */,
			);
			path = DeviceInfo;
			sourceTree = "<group>";
		};
/* End PBXGroup section */

/* Begin PBXNativeTarget section */
		4140A777206CCAD400AF90FB /* CompactDeviceInfo */ = {
			isa = PBXNativeTarget;
			buildConfigurationList = 4140A795206CCAD400AF90FB /* Build configuration list for PBXNativeTarget "CompactDeviceInfo" */;
			buildPhases = (
				4140A774206CCAD400AF90FB /* Sources */,
				4140A775206CCAD400AF90FB /* Frameworks */,
				4140A776206CCAD400AF90FB /* Resources */,
			);
			buildRules = (
			);
			dependencies = (
			);
			name = CompactDeviceInfo;
			productName = CompactDeviceInfo;
			productReference = 4140A778206CCAD400AF90FB /* CompactDeviceInfo.app */;
			productType = "com.apple.product-type.application";
		};
		4140A78B206CCAD400AF90FB /* CompactDeviceInfoTests */ = {
			isa = PBXNativeTarget;
			buildConfigurationList = 4140A798206CCAD400AF90FB /* Build configuration list for PBXNativeTarget "CompactDeviceInfoTests" */;
			buildPhases = (
				4140A788206CCAD400AF90FB /* Sources */,
				4140A789206CCAD400AF90FB /* Frameworks */,
				4140A78A206CCAD400AF90FB /* Resources */,
			);
			buildRules = (
			);
			dependencies = (
				4140A78E206CCAD400AF90FB /* PBXTargetDependency */,
			);
			name = CompactDeviceInfoTests;
			productName = CompactDeviceInfoTests;
			productReference = 4140A78C206CCAD400AF90FB /* CompactDeviceInfoTests.xctest */;
			productType = "com.apple.product-type.bundle.unit-test";
		};
/* End PBXNativeTarget section */

/* Begin PBXProject section */
		4140A770206CCAD400AF90FB /* Project object */ = {
			isa = PBXProject;
			attributes = {
				LastSwiftUpdateCheck = 0920;
				LastUpgradeCheck = 0920;
				ORGANIZATIONNAME = Aleem;
				TargetAttributes = {
					4140A777206CCAD400AF90FB = {
						CreatedOnToolsVersion = 9.2;
						LastSwiftMigration = 0920;
						ProvisioningStyle = Automatic;
					};
					4140A78B206CCAD400AF90FB = {
						CreatedOnToolsVersion = 9.2;
						ProvisioningStyle = Automatic;
						TestTargetID = 4140A777206CCAD400AF90FB;
					};
				};
			};
			buildConfigurationList = 4140A773206CCAD400AF90FB /* Build configuration list for PBXProject "CompactDeviceInfo" */;
			compatibilityVersion = "Xcode 8.0";
			developmentRegion = en;
			hasScannedForEncodings = 0;
			knownRegions = (
				en,
				Base,
			);
			mainGroup = 4140A76F206CCAD400AF90FB;
			productRefGroup = 4140A779206CCAD400AF90FB /* Products */;
			projectDirPath = "";
			projectRoot = "";
			targets = (
				4140A777206CCAD400AF90FB /* CompactDeviceInfo */,
				4140A78B206CCAD400AF90FB /* CompactDeviceInfoTests */,
			);
		};
/* End PBXProject section */

/* Begin PBXResourcesBuildPhase section */
		4140A776206CCAD400AF90FB /* Resources */ = {
			isa = PBXResourcesBuildPhase;
			buildActionMask = 2147483647;
			files = (
				4140A786206CCAD400AF90FB /* LaunchScreen.storyboard in Resources */,
				4140A783206CCAD400AF90FB /* Assets.xcassets in Resources */,
				4140A781206CCAD400AF90FB /* Main.storyboard in Resources */,
			);
			runOnlyForDeploymentPostprocessing = 0;
		};
		4140A78A206CCAD400AF90FB /* Resources */ = {
			isa = PBXResourcesBuildPhase;
			buildActionMask = 2147483647;
			files = (
			);
			runOnlyForDeploymentPostprocessing = 0;
		};
/* End PBXResourcesBuildPhase section */

/* Begin PBXSourcesBuildPhase section */
		4140A774206CCAD400AF90FB /* Sources */ = {
			isa = PBXSourcesBuildPhase;
			buildActionMask = 2147483647;
			files = (
				4140A77E206CCAD400AF90FB /* ViewController.swift in Sources */,
				4140A77C206CCAD400AF90FB /* AppDelegate.swift in Sources */,
				411F27A12074DC9800603A74 /* ViewControllerObjectiveC.m in Sources */,
				4140A79F206CCC6400AF90FB /* ARCompactDeviceInfo.swift in Sources */,
			);
			runOnlyForDeploymentPostprocessing = 0;
		};
		4140A788206CCAD400AF90FB /* Sources */ = {
			isa = PBXSourcesBuildPhase;
			buildActionMask = 2147483647;
			files = (
				4140A791206CCAD400AF90FB /* CompactDeviceInfoTests.swift in Sources */,
			);
			runOnlyForDeploymentPostprocessing = 0;
		};
/* End PBXSourcesBuildPhase section */

/* Begin PBXTargetDependency section */
		4140A78E206CCAD400AF90FB /* PBXTargetDependency */ = {
			isa = PBXTargetDependency;
			target = 4140A777206CCAD400AF90FB /* CompactDeviceInfo */;
			targetProxy = 4140A78D206CCAD400AF90FB /* PBXContainerItemProxy */;
		};
/* End PBXTargetDependency section */

/* Begin PBXVariantGroup section */
		4140A77F206CCAD400AF90FB /* Main.storyboard */ = {
			isa = PBXVariantGroup;
			children = (
				4140A780206CCAD400AF90FB /* Base */,
			);
			name = Main.storyboard;
			sourceTree = "<group>";
		};
		4140A784206CCAD400AF90FB /* LaunchScreen.storyboard */ = {
			isa = PBXVariantGroup;
			children = (
				4140A785206CCAD400AF90FB /* Base */,
			);
			name = LaunchScreen.storyboard;
			sourceTree = "<group>";
		};
/* End PBXVariantGroup section */

/* Begin XCBuildConfiguration section */
		4140A793206CCAD400AF90FB /* Debug */ = {
			isa = XCBuildConfiguration;
			buildSettings = {
				ALWAYS_SEARCH_USER_PATHS = NO;
				CLANG_ANALYZER_NONNULL = YES;
				CLANG_ANALYZER_NUMBER_OBJECT_CONVERSION = YES_AGGRESSIVE;
				CLANG_CXX_LANGUAGE_STANDARD = "gnu++14";
				CLANG_CXX_LIBRARY = "libc++";
				CLANG_ENABLE_MODULES = YES;
				CLANG_ENABLE_OBJC_ARC = YES;
				CLANG_WARN_BLOCK_CAPTURE_AUTORELEASING = YES;
				CLANG_WARN_BOOL_CONVERSION = YES;
				CLANG_WARN_COMMA = YES;
				CLANG_WARN_CONSTANT_CONVERSION = YES;
				CLANG_WARN_DIRECT_OBJC_ISA_USAGE = YES_ERROR;
				CLANG_WARN_DOCUMENTATION_COMMENTS = YES;
				CLANG_WARN_EMPTY_BODY = YES;
				CLANG_WARN_ENUM_CONVERSION = YES;
				CLANG_WARN_INFINITE_RECURSION = YES;
				CLANG_WARN_INT_CONVERSION = YES;
				CLANG_WARN_NON_LITERAL_NULL_CONVERSION = YES;
				CLANG_WARN_OBJC_LITERAL_CONVERSION = YES;
				CLANG_WARN_OBJC_ROOT_CLASS = YES_ERROR;
				CLANG_WARN_RANGE_LOOP_ANALYSIS = YES;
				CLANG_WARN_STRICT_PROTOTYPES = YES;
				CLANG_WARN_SUSPICIOUS_MOVE = YES;
				CLANG_WARN_UNGUARDED_AVAILABILITY = YES_AGGRESSIVE;
				CLANG_WARN_UNREACHABLE_CODE = YES;
				CLANG_WARN__DUPLICATE_METHOD_MATCH = YES;
				CODE_SIGN_IDENTITY = "iPhone Developer";
				COPY_PHASE_STRIP = NO;
				DEBUG_INFORMATION_FORMAT = dwarf;
				ENABLE_STRICT_OBJC_MSGSEND = YES;
				ENABLE_TESTABILITY = YES;
				GCC_C_LANGUAGE_STANDARD = gnu11;
				GCC_DYNAMIC_NO_PIC = NO;
				GCC_NO_COMMON_BLOCKS = YES;
				GCC_OPTIMIZATION_LEVEL = 0;
				GCC_PREPROCESSOR_DEFINITIONS = (
					"DEBUG=1",
					"$(inherited)",
				);
				GCC_WARN_64_TO_32_BIT_CONVERSION = YES;
				GCC_WARN_ABOUT_RETURN_TYPE = YES_ERROR;
				GCC_WARN_UNDECLARED_SELECTOR = YES;
				GCC_WARN_UNINITIALIZED_AUTOS = YES_AGGRESSIVE;
				GCC_WARN_UNUSED_FUNCTION = YES;
				GCC_WARN_UNUSED_VARIABLE = YES;
				IPHONEOS_DEPLOYMENT_TARGET = 11.2;
				MTL_ENABLE_DEBUG_INFO = YES;
				ONLY_ACTIVE_ARCH = YES;
				SDKROOT = iphoneos;
				SWIFT_ACTIVE_COMPILATION_CONDITIONS = DEBUG;
				SWIFT_OPTIMIZATION_LEVEL = "-Onone";
			};
			name = Debug;
		};
		4140A794206CCAD400AF90FB /* Release */ = {
			isa = XCBuildConfiguration;
			buildSettings = {
				ALWAYS_SEARCH_USER_PATHS = NO;
				CLANG_ANALYZER_NONNULL = YES;
				CLANG_ANALYZER_NUMBER_OBJECT_CONVERSION = YES_AGGRESSIVE;
				CLANG_CXX_LANGUAGE_STANDARD = "gnu++14";
				CLANG_CXX_LIBRARY = "libc++";
				CLANG_ENABLE_MODULES = YES;
				CLANG_ENABLE_OBJC_ARC = YES;
				CLANG_WARN_BLOCK_CAPTURE_AUTORELEASING = YES;
				CLANG_WARN_BOOL_CONVERSION = YES;
				CLANG_WARN_COMMA = YES;
				CLANG_WARN_CONSTANT_CONVERSION = YES;
				CLANG_WARN_DIRECT_OBJC_ISA_USAGE = YES_ERROR;
				CLANG_WARN_DOCUMENTATION_COMMENTS = YES;
				CLANG_WARN_EMPTY_BODY = YES;
				CLANG_WARN_ENUM_CONVERSION = YES;
				CLANG_WARN_INFINITE_RECURSION = YES;
				CLANG_WARN_INT_CONVERSION = YES;
				CLANG_WARN_NON_LITERAL_NULL_CONVERSION = YES;
				CLANG_WARN_OBJC_LITERAL_CONVERSION = YES;
				CLANG_WARN_OBJC_ROOT_CLASS = YES_ERROR;
				CLANG_WARN_RANGE_LOOP_ANALYSIS = YES;
				CLANG_WARN_STRICT_PROTOTYPES = YES;
				CLANG_WARN_SUSPICIOUS_MOVE = YES;
				CLANG_WARN_UNGUARDED_AVAILABILITY = YES_AGGRESSIVE;
				CLANG_WARN_UNREACHABLE_CODE = YES;
				CLANG_WARN__DUPLICATE_METHOD_MATCH = YES;
				CODE_SIGN_IDENTITY = "iPhone Developer";
				COPY_PHASE_STRIP = NO;
				DEBUG_INFORMATION_FORMAT = "dwarf-with-dsym";
				ENABLE_NS_ASSERTIONS = NO;
				ENABLE_STRICT_OBJC_MSGSEND = YES;
				GCC_C_LANGUAGE_STANDARD = gnu11;
				GCC_NO_COMMON_BLOCKS = YES;
				GCC_WARN_64_TO_32_BIT_CONVERSION = YES;
				GCC_WARN_ABOUT_RETURN_TYPE = YES_ERROR;
				GCC_WARN_UNDECLARED_SELECTOR = YES;
				GCC_WARN_UNINITIALIZED_AUTOS = YES_AGGRESSIVE;
				GCC_WARN_UNUSED_FUNCTION = YES;
				GCC_WARN_UNUSED_VARIABLE = YES;
				IPHONEOS_DEPLOYMENT_TARGET = 11.2;
				MTL_ENABLE_DEBUG_INFO = NO;
				SDKROOT = iphoneos;
				SWIFT_OPTIMIZATION_LEVEL = "-Owholemodule";
				VALIDATE_PRODUCT = YES;
			};
			name = Release;
		};
		4140A796206CCAD400AF90FB /* Debug */ = {
			isa = XCBuildConfiguration;
			buildSettings = {
				ASSETCATALOG_COMPILER_APPICON_NAME = AppIcon;
				CLANG_ENABLE_MODULES = YES;
				CODE_SIGN_STYLE = Automatic;
				DEVELOPMENT_TEAM = 9V93UZE3ZQ;
				INFOPLIST_FILE = CompactDeviceInfo/Info.plist;
				IPHONEOS_DEPLOYMENT_TARGET = 9.0;
				LD_RUNPATH_SEARCH_PATHS = "$(inherited) @executable_path/Frameworks";
				PRODUCT_BUNDLE_IDENTIFIER = allInOneDeviceInfo.CompactDeviceInfo;
				PRODUCT_NAME = "$(TARGET_NAME)";
				SWIFT_OBJC_BRIDGING_HEADER = "CompactDeviceInfo-Bridging-Header.h";
				SWIFT_OPTIMIZATION_LEVEL = "-Onone";
				SWIFT_VERSION = 4.0;
				TARGETED_DEVICE_FAMILY = "1,2";
			};
			name = Debug;
		};
		4140A797206CCAD400AF90FB /* Release */ = {
			isa = XCBuildConfiguration;
			buildSettings = {
				ASSETCATALOG_COMPILER_APPICON_NAME = AppIcon;
				CLANG_ENABLE_MODULES = YES;
				CODE_SIGN_STYLE = Automatic;
				DEVELOPMENT_TEAM = 9V93UZE3ZQ;
				INFOPLIST_FILE = CompactDeviceInfo/Info.plist;
				IPHONEOS_DEPLOYMENT_TARGET = 9.0;
				LD_RUNPATH_SEARCH_PATHS = "$(inherited) @executable_path/Frameworks";
				PRODUCT_BUNDLE_IDENTIFIER = allInOneDeviceInfo.CompactDeviceInfo;
				PRODUCT_NAME = "$(TARGET_NAME)";
				SWIFT_OBJC_BRIDGING_HEADER = "CompactDeviceInfo-Bridging-Header.h";
				SWIFT_VERSION = 4.0;
				TARGETED_DEVICE_FAMILY = "1,2";
			};
			name = Release;
		};
		4140A799206CCAD400AF90FB /* Debug */ = {
			isa = XCBuildConfiguration;
			buildSettings = {
				ALWAYS_EMBED_SWIFT_STANDARD_LIBRARIES = YES;
				BUNDLE_LOADER = "$(TEST_HOST)";
				CODE_SIGN_STYLE = Automatic;
				DEVELOPMENT_TEAM = N5R4968HQ7;
				INFOPLIST_FILE = CompactDeviceInfoTests/Info.plist;
				LD_RUNPATH_SEARCH_PATHS = "$(inherited) @executable_path/Frameworks @loader_path/Frameworks";
				PRODUCT_BUNDLE_IDENTIFIER = com.allInOneDeviceInfo.CompactDeviceInfoTests;
				PRODUCT_NAME = "$(TARGET_NAME)";
				SWIFT_VERSION = 4.0;
				TARGETED_DEVICE_FAMILY = "1,2";
				TEST_HOST = "$(BUILT_PRODUCTS_DIR)/CompactDeviceInfo.app/CompactDeviceInfo";
			};
			name = Debug;
		};
		4140A79A206CCAD400AF90FB /* Release */ = {
			isa = XCBuildConfiguration;
			buildSettings = {
				ALWAYS_EMBED_SWIFT_STANDARD_LIBRARIES = YES;
				BUNDLE_LOADER = "$(TEST_HOST)";
				CODE_SIGN_STYLE = Automatic;
				DEVELOPMENT_TEAM = N5R4968HQ7;
				INFOPLIST_FILE = CompactDeviceInfoTests/Info.plist;
				LD_RUNPATH_SEARCH_PATHS = "$(inherited) @executable_path/Frameworks @loader_path/Frameworks";
				PRODUCT_BUNDLE_IDENTIFIER = com.allInOneDeviceInfo.CompactDeviceInfoTests;
				PRODUCT_NAME = "$(TARGET_NAME)";
				SWIFT_VERSION = 4.0;
				TARGETED_DEVICE_FAMILY = "1,2";
				TEST_HOST = "$(BUILT_PRODUCTS_DIR)/CompactDeviceInfo.app/CompactDeviceInfo";
			};
			name = Release;
		};
/* End XCBuildConfiguration section */

/* Begin XCConfigurationList section */
		4140A773206CCAD400AF90FB /* Build configuration list for PBXProject "CompactDeviceInfo" */ = {
			isa = XCConfigurationList;
			buildConfigurations = (
				4140A793206CCAD400AF90FB /* Debug */,
				4140A794206CCAD400AF90FB /* Release */,
			);
			defaultConfigurationIsVisible = 0;
			defaultConfigurationName = Release;
		};
		4140A795206CCAD400AF90FB /* Build configuration list for PBXNativeTarget "CompactDeviceInfo" */ = {
			isa = XCConfigurationList;
			buildConfigurations = (
				4140A796206CCAD400AF90FB /* Debug */,
				4140A797206CCAD400AF90FB /* Release */,
			);
			defaultConfigurationIsVisible = 0;
			defaultConfigurationName = Release;
		};
		4140A798206CCAD400AF90FB /* Build configuration list for PBXNativeTarget "CompactDeviceInfoTests" */ = {
			isa = XCConfigurationList;
			buildConfigurations = (
				4140A799206CCAD400AF90FB /* Debug */,
				4140A79A206CCAD400AF90FB /* Release */,
			);
			defaultConfigurationIsVisible = 0;
			defaultConfigurationName = Release;
		};
/* End XCConfigurationList section */
	};
	rootObject = 4140A770206CCAD400AF90FB /* Project object */;
}
